
Microsoft Visual Studio Solution File, Format Version 12.00
# Visual Studio Version 16
VisualStudioVersion = 16.0.31624.102
MinimumVisualStudioVersion = 10.0.40219.1
Project("{FAE04EC0-301F-11D3-BF4B-00C04F79EFBC}") = "invoiceTotalEnhanced", "invoiceTotalEnhanced.csproj", "{90AD6E45-93B2-421B-8D70-11F3AC7C5499}"
EndProject
Global
	GlobalSection(SolutionConfigurationPlatforms) = preSolution
		Debug|Any CPU = Debug|Any CPU
		Release|Any CPU = Release|Any CPU
	EndGlobalSection
	GlobalSection(ProjectConfigurationPlatforms) = postSolution
		{90AD6E45-93B2-421B-8D70-11F3AC7C5499}.Debug|Any CPU.ActiveCfg = Debug|Any CPU
		{90AD6E45-93B2-421B-8D70-11F3AC7C5499}.Debug|Any CPU.Build.0 = Debug|Any CPU
		{90AD6E45-93B2-421B-8D70-11F3AC7C5499}.Release|Any CPU.ActiveCfg = Release|Any CPU
		{90AD6E45-93B2-421B-8D70-11F3AC7C5499}.Release|Any CPU.Build.0 = Release|Any CPU
	EndGlobalSection
	GlobalSection(SolutionProperties) = preSolution
		HideSolutionNode = FALSE
	EndGlobalSection
	GlobalSection(ExtensibilityGlobals) = postSolution
		SolutionGuid = {9F8A3F52-4B3F-4172-B9FA-D8D720A6C93F}
	EndGlobalSection
EndGlobal
